{
  "name": "FSD",
  "lockfileVersion": 3,
  "requires": true,
  "packages": {
    "": {
      "dependencies": {
        "fetch-axios": "^0.0.7"
      }
    },
    "node_modules/fetch-axios": {
      "version": "0.0.7",
      "resolved": "https://registry.npmjs.org/fetch-axios/-/fetch-axios-0.0.7.tgz",
      "integrity": "sha512-84P2K3nKnP2AY3RAxVd/eISFv1cv/nIMiuYjQaV5X3hNG4JWfuEN3HjMj4mDFaza4mp32oanJBguVVE6MpeAMg=="
    }
  }
}
